
Microsoft Visual Studio Solution File, Format Version 12.00
# Visual Studio Version 17
VisualStudioVersion = 17.5.33516.290
MinimumVisualStudioVersion = 10.0.40219.1
Project("{FAE04EC0-301F-11D3-BF4B-00C04F79EFBC}") = "ElearnFrontToBack", "ElearnFrontToBack\ElearnFrontToBack.csproj", "{AEA8CD99-BF79-4DFC-B8E7-9551A1596B4D}"
EndProject
Global
	GlobalSection(SolutionConfigurationPlatforms) = preSolution
		Debug|Any CPU = Debug|Any CPU
		Release|Any CPU = Release|Any CPU
	EndGlobalSection
	GlobalSection(ProjectConfigurationPlatforms) = postSolution
		{AEA8CD99-BF79-4DFC-B8E7-9551A1596B4D}.Debug|Any CPU.ActiveCfg = Debug|Any CPU
		{AEA8CD99-BF79-4DFC-B8E7-9551A1596B4D}.Debug|Any CPU.Build.0 = Debug|Any CPU
		{AEA8CD99-BF79-4DFC-B8E7-9551A1596B4D}.Release|Any CPU.ActiveCfg = Release|Any CPU
		{AEA8CD99-BF79-4DFC-B8E7-9551A1596B4D}.Release|Any CPU.Build.0 = Release|Any CPU
	EndGlobalSection
	GlobalSection(SolutionProperties) = preSolution
		HideSolutionNode = FALSE
	EndGlobalSection
	GlobalSection(ExtensibilityGlobals) = postSolution
		SolutionGuid = {16A010A7-9267-4398-B8B5-AAA5CFC9CC8B}
	EndGlobalSection
EndGlobal
